
Microsoft Visual Studio Solution File, Format Version 12.00
# Visual Studio Version 16
VisualStudioVersion = 16.0.29613.14
MinimumVisualStudioVersion = 10.0.40219.1
Project("{2150E333-8FDC-42A3-9474-1A3956D46DE8}") = "Microservices", "Microservices", "{EC614DB9-809F-494C-861C-6967FD06B9E4}"
EndProject
Project("{2150E333-8FDC-42A3-9474-1A3956D46DE8}") = "Domain", "Domain", "{EA66276F-EC38-4172-B8EE-B88F30F04DAE}"
EndProject
Project("{2150E333-8FDC-42A3-9474-1A3956D46DE8}") = "Infra.Bus", "Infra.Bus", "{F83FDFD9-D5D9-4A6D-B7BC-557DC1A05488}"
EndProject
Project("{2150E333-8FDC-42A3-9474-1A3956D46DE8}") = "Infra.IoC", "Infra.IoC", "{D2AB3D5A-EB92-4BFF-95BA-5AC4326B8B55}"
EndProject
Project("{2150E333-8FDC-42A3-9474-1A3956D46DE8}") = "Presentation", "Presentation", "{295BF1AE-DC07-4FB8-807C-EFF71357F90D}"
EndProject
Project("{FAE04EC0-301F-11D3-BF4B-00C04F79EFBC}") = "MicroRabbit.Domain.Core", "MicroRabbit.Domain.Core\MicroRabbit.Domain.Core.csproj", "{DE38565B-2274-45C4-8C45-3693ECB7FB1E}"
EndProject
Global
	GlobalSection(SolutionConfigurationPlatforms) = preSolution
		Debug|Any CPU = Debug|Any CPU
		Release|Any CPU = Release|Any CPU
	EndGlobalSection
	GlobalSection(ProjectConfigurationPlatforms) = postSolution
		{DE38565B-2274-45C4-8C45-3693ECB7FB1E}.Debug|Any CPU.ActiveCfg = Debug|Any CPU
		{DE38565B-2274-45C4-8C45-3693ECB7FB1E}.Debug|Any CPU.Build.0 = Debug|Any CPU
		{DE38565B-2274-45C4-8C45-3693ECB7FB1E}.Release|Any CPU.ActiveCfg = Release|Any CPU
		{DE38565B-2274-45C4-8C45-3693ECB7FB1E}.Release|Any CPU.Build.0 = Release|Any CPU
	EndGlobalSection
	GlobalSection(SolutionProperties) = preSolution
		HideSolutionNode = FALSE
	EndGlobalSection
	GlobalSection(NestedProjects) = preSolution
		{DE38565B-2274-45C4-8C45-3693ECB7FB1E} = {EA66276F-EC38-4172-B8EE-B88F30F04DAE}
	EndGlobalSection
	GlobalSection(ExtensibilityGlobals) = postSolution
		SolutionGuid = {D93EE575-16EF-4FF5-9993-E6CF52E091FA}
	EndGlobalSection
EndGlobal
