
Microsoft Visual Studio Solution File, Format Version 12.00
# Visual Studio Version 16
VisualStudioVersion = 16.0.29613.14
MinimumVisualStudioVersion = 10.0.40219.1
Project("{2150E333-8FDC-42A3-9474-1A3956D46DE8}") = "Microservices", "Microservices", "{EC614DB9-809F-494C-861C-6967FD06B9E4}"
EndProject
Project("{2150E333-8FDC-42A3-9474-1A3956D46DE8}") = "Domain", "Domain", "{EA66276F-EC38-4172-B8EE-B88F30F04DAE}"
EndProject
Project("{2150E333-8FDC-42A3-9474-1A3956D46DE8}") = "Infra.Bus", "Infra.Bus", "{F83FDFD9-D5D9-4A6D-B7BC-557DC1A05488}"
EndProject
Project("{2150E333-8FDC-42A3-9474-1A3956D46DE8}") = "Infra.IoC", "Infra.IoC", "{D2AB3D5A-EB92-4BFF-95BA-5AC4326B8B55}"
EndProject
Project("{2150E333-8FDC-42A3-9474-1A3956D46DE8}") = "Presentation", "Presentation", "{295BF1AE-DC07-4FB8-807C-EFF71357F90D}"
EndProject
Project("{FAE04EC0-301F-11D3-BF4B-00C04F79EFBC}") = "MicroRabbit.Domain.Core", "MicroRabbit.Domain.Core\MicroRabbit.Domain.Core.csproj", "{DE38565B-2274-45C4-8C45-3693ECB7FB1E}"
EndProject
Project("{FAE04EC0-301F-11D3-BF4B-00C04F79EFBC}") = "MicroRabbit.Infra.Bus", "MicroRabbit.Infra.Bus\MicroRabbit.Infra.Bus.csproj", "{901A69EC-1C71-4DE1-88D1-19CF67716D22}"
EndProject
Project("{FAE04EC0-301F-11D3-BF4B-00C04F79EFBC}") = "MicroRabbit.Infra.IoC", "MicroRabbit.Infra.IoC\MicroRabbit.Infra.IoC.csproj", "{B17A67D1-E472-4CD1-94A0-BBBCC8C58E64}"
EndProject
Project("{2150E333-8FDC-42A3-9474-1A3956D46DE8}") = "Banking", "Banking", "{979CB56D-95D2-4F0A-8A48-286F20932A4C}"
EndProject
Project("{2150E333-8FDC-42A3-9474-1A3956D46DE8}") = "Api", "Api", "{DB609155-2B7B-4456-86DE-1ECE39D3D908}"
EndProject
Project("{2150E333-8FDC-42A3-9474-1A3956D46DE8}") = "Domain", "Domain", "{928C2165-F50D-4075-86CD-E693F8C9A36F}"
EndProject
Project("{2150E333-8FDC-42A3-9474-1A3956D46DE8}") = "Application", "Application", "{EBC5BBE9-65DA-4B7D-838F-67168D4DFFD3}"
EndProject
Project("{2150E333-8FDC-42A3-9474-1A3956D46DE8}") = "Data", "Data", "{9267B3EF-3F45-4788-B0CC-5EEE0B80964C}"
EndProject
Project("{FAE04EC0-301F-11D3-BF4B-00C04F79EFBC}") = "MicroRabbit.Banking.Api", "MicroRabbit.Banking.Api\MicroRabbit.Banking.Api.csproj", "{9C6C18C8-E20B-4A83-A8B8-5038F6A95104}"
EndProject
Project("{FAE04EC0-301F-11D3-BF4B-00C04F79EFBC}") = "MicroRabbit.Banking.Application", "MicroRabbit.Banking.Application\MicroRabbit.Banking.Application.csproj", "{59CB5922-C287-46C2-8597-70629312E7B6}"
EndProject
Project("{FAE04EC0-301F-11D3-BF4B-00C04F79EFBC}") = "MicroRabbit.Banking.Data", "MicroRabbit.Banking.Data\MicroRabbit.Banking.Data.csproj", "{ED4A1059-1933-4047-AC8A-44B0A76D15F3}"
EndProject
Project("{FAE04EC0-301F-11D3-BF4B-00C04F79EFBC}") = "MicroRabbit.Banking.Domain", "MicroRabbit.Banking.Domain\MicroRabbit.Banking.Domain.csproj", "{A8801793-23CC-4B84-AE3B-F77D1A1C37DD}"
EndProject
Global
	GlobalSection(SolutionConfigurationPlatforms) = preSolution
		Debug|Any CPU = Debug|Any CPU
		Release|Any CPU = Release|Any CPU
	EndGlobalSection
	GlobalSection(ProjectConfigurationPlatforms) = postSolution
		{DE38565B-2274-45C4-8C45-3693ECB7FB1E}.Debug|Any CPU.ActiveCfg = Debug|Any CPU
		{DE38565B-2274-45C4-8C45-3693ECB7FB1E}.Debug|Any CPU.Build.0 = Debug|Any CPU
		{DE38565B-2274-45C4-8C45-3693ECB7FB1E}.Release|Any CPU.ActiveCfg = Release|Any CPU
		{DE38565B-2274-45C4-8C45-3693ECB7FB1E}.Release|Any CPU.Build.0 = Release|Any CPU
		{901A69EC-1C71-4DE1-88D1-19CF67716D22}.Debug|Any CPU.ActiveCfg = Debug|Any CPU
		{901A69EC-1C71-4DE1-88D1-19CF67716D22}.Debug|Any CPU.Build.0 = Debug|Any CPU
		{901A69EC-1C71-4DE1-88D1-19CF67716D22}.Release|Any CPU.ActiveCfg = Release|Any CPU
		{901A69EC-1C71-4DE1-88D1-19CF67716D22}.Release|Any CPU.Build.0 = Release|Any CPU
		{B17A67D1-E472-4CD1-94A0-BBBCC8C58E64}.Debug|Any CPU.ActiveCfg = Debug|Any CPU
		{B17A67D1-E472-4CD1-94A0-BBBCC8C58E64}.Debug|Any CPU.Build.0 = Debug|Any CPU
		{B17A67D1-E472-4CD1-94A0-BBBCC8C58E64}.Release|Any CPU.ActiveCfg = Release|Any CPU
		{B17A67D1-E472-4CD1-94A0-BBBCC8C58E64}.Release|Any CPU.Build.0 = Release|Any CPU
		{9C6C18C8-E20B-4A83-A8B8-5038F6A95104}.Debug|Any CPU.ActiveCfg = Debug|Any CPU
		{9C6C18C8-E20B-4A83-A8B8-5038F6A95104}.Debug|Any CPU.Build.0 = Debug|Any CPU
		{9C6C18C8-E20B-4A83-A8B8-5038F6A95104}.Release|Any CPU.ActiveCfg = Release|Any CPU
		{9C6C18C8-E20B-4A83-A8B8-5038F6A95104}.Release|Any CPU.Build.0 = Release|Any CPU
		{59CB5922-C287-46C2-8597-70629312E7B6}.Debug|Any CPU.ActiveCfg = Debug|Any CPU
		{59CB5922-C287-46C2-8597-70629312E7B6}.Debug|Any CPU.Build.0 = Debug|Any CPU
		{59CB5922-C287-46C2-8597-70629312E7B6}.Release|Any CPU.ActiveCfg = Release|Any CPU
		{59CB5922-C287-46C2-8597-70629312E7B6}.Release|Any CPU.Build.0 = Release|Any CPU
		{ED4A1059-1933-4047-AC8A-44B0A76D15F3}.Debug|Any CPU.ActiveCfg = Debug|Any CPU
		{ED4A1059-1933-4047-AC8A-44B0A76D15F3}.Debug|Any CPU.Build.0 = Debug|Any CPU
		{ED4A1059-1933-4047-AC8A-44B0A76D15F3}.Release|Any CPU.ActiveCfg = Release|Any CPU
		{ED4A1059-1933-4047-AC8A-44B0A76D15F3}.Release|Any CPU.Build.0 = Release|Any CPU
		{A8801793-23CC-4B84-AE3B-F77D1A1C37DD}.Debug|Any CPU.ActiveCfg = Debug|Any CPU
		{A8801793-23CC-4B84-AE3B-F77D1A1C37DD}.Debug|Any CPU.Build.0 = Debug|Any CPU
		{A8801793-23CC-4B84-AE3B-F77D1A1C37DD}.Release|Any CPU.ActiveCfg = Release|Any CPU
		{A8801793-23CC-4B84-AE3B-F77D1A1C37DD}.Release|Any CPU.Build.0 = Release|Any CPU
	EndGlobalSection
	GlobalSection(SolutionProperties) = preSolution
		HideSolutionNode = FALSE
	EndGlobalSection
	GlobalSection(NestedProjects) = preSolution
		{DE38565B-2274-45C4-8C45-3693ECB7FB1E} = {EA66276F-EC38-4172-B8EE-B88F30F04DAE}
		{901A69EC-1C71-4DE1-88D1-19CF67716D22} = {F83FDFD9-D5D9-4A6D-B7BC-557DC1A05488}
		{B17A67D1-E472-4CD1-94A0-BBBCC8C58E64} = {D2AB3D5A-EB92-4BFF-95BA-5AC4326B8B55}
		{979CB56D-95D2-4F0A-8A48-286F20932A4C} = {EC614DB9-809F-494C-861C-6967FD06B9E4}
		{DB609155-2B7B-4456-86DE-1ECE39D3D908} = {979CB56D-95D2-4F0A-8A48-286F20932A4C}
		{928C2165-F50D-4075-86CD-E693F8C9A36F} = {979CB56D-95D2-4F0A-8A48-286F20932A4C}
		{EBC5BBE9-65DA-4B7D-838F-67168D4DFFD3} = {979CB56D-95D2-4F0A-8A48-286F20932A4C}
		{9267B3EF-3F45-4788-B0CC-5EEE0B80964C} = {979CB56D-95D2-4F0A-8A48-286F20932A4C}
		{9C6C18C8-E20B-4A83-A8B8-5038F6A95104} = {DB609155-2B7B-4456-86DE-1ECE39D3D908}
		{59CB5922-C287-46C2-8597-70629312E7B6} = {EBC5BBE9-65DA-4B7D-838F-67168D4DFFD3}
		{ED4A1059-1933-4047-AC8A-44B0A76D15F3} = {9267B3EF-3F45-4788-B0CC-5EEE0B80964C}
		{A8801793-23CC-4B84-AE3B-F77D1A1C37DD} = {928C2165-F50D-4075-86CD-E693F8C9A36F}
	EndGlobalSection
	GlobalSection(ExtensibilityGlobals) = postSolution
		SolutionGuid = {D93EE575-16EF-4FF5-9993-E6CF52E091FA}
	EndGlobalSection
EndGlobal
